// !$*UTF8*$!
{
	archiveVersion = 1;
	classes = {
	};
	objectVersion = 70;
	objects = {

/* Begin PBXBuildFile section */
		080EDEFB21B6DA7E00813479 /* EssentialFeed.framework in Frameworks */ = {isa = PBXBuildFile; fileRef = 080EDEF121B6DA7E00813479 /* EssentialFeed.framework */; };
		B20C6EAB2CE2A987003658EC /* EssentialFeed.framework in Frameworks */ = {isa = PBXBuildFile; fileRef = 080EDEF121B6DA7E00813479 /* EssentialFeed.framework */; };
		B25C4A802D3C594400B54C04 /* LoadFeedFromCacheUserCaseTests.swift in Sources */ = {isa = PBXBuildFile; fileRef = B25C4A7F2D3C594400B54C04 /* LoadFeedFromCacheUserCaseTests.swift */; };
		B25C4A842D3C5AAD00B54C04 /* FeedStoreSpy.swift in Sources */ = {isa = PBXBuildFile; fileRef = B25C4A832D3C5AAD00B54C04 /* FeedStoreSpy.swift */; };
		B264C9692D0E1D4A00273D55 /* LocalFeedLoader.swift in Sources */ = {isa = PBXBuildFile; fileRef = B264C9682D0E1D4300273D55 /* LocalFeedLoader.swift */; };
		B264C96D2D0E1E1400273D55 /* FeedStore.swift in Sources */ = {isa = PBXBuildFile; fileRef = B264C96B2D0E1E1400273D55 /* FeedStore.swift */; };
		B264C9702D0E336700273D55 /* RemoteFeedItem.swift in Sources */ = {isa = PBXBuildFile; fileRef = B264C96E2D0E336700273D55 /* RemoteFeedItem.swift */; };
		B264C9732D0E339900273D55 /* LocalFeedImage.swift in Sources */ = {isa = PBXBuildFile; fileRef = B264C9712D0E339900273D55 /* LocalFeedImage.swift */; };
		B27653802CE2562C002EE55D /* FeedItemMapper.swift in Sources */ = {isa = PBXBuildFile; fileRef = B27653752CE2562C002EE55D /* FeedItemMapper.swift */; };
		B27653812CE2562C002EE55D /* URLSessionHTTPClient.swift in Sources */ = {isa = PBXBuildFile; fileRef = B27653782CE2562C002EE55D /* URLSessionHTTPClient.swift */; };
		B27653822CE2562C002EE55D /* FeedImage.swift in Sources */ = {isa = PBXBuildFile; fileRef = B27653722CE2562C002EE55D /* FeedImage.swift */; };
		B27653832CE2562C002EE55D /* RemoteFeedLoader.swift in Sources */ = {isa = PBXBuildFile; fileRef = B27653772CE2562C002EE55D /* RemoteFeedLoader.swift */; };
		B27653842CE2562C002EE55D /* HTTPClient.swift in Sources */ = {isa = PBXBuildFile; fileRef = B27653762CE2562C002EE55D /* HTTPClient.swift */; };
		B27653852CE2562C002EE55D /* FeedLoader.swift in Sources */ = {isa = PBXBuildFile; fileRef = B27653732CE2562C002EE55D /* FeedLoader.swift */; };
		B276538D2CE25688002EE55D /* EssentialFeedTests.xctestplan in Resources */ = {isa = PBXBuildFile; fileRef = B27653872CE25688002EE55D /* EssentialFeedTests.xctestplan */; };
		B276538F2CE25688002EE55D /* URLSessionHTTPClientTests.swift in Sources */ = {isa = PBXBuildFile; fileRef = B276538B2CE25688002EE55D /* URLSessionHTTPClientTests.swift */; };
		B27653902CE25688002EE55D /* LoadFeedFromRemoteUseCaseTests.swift in Sources */ = {isa = PBXBuildFile; fileRef = B276538A2CE25688002EE55D /* LoadFeedFromRemoteUseCaseTests.swift */; };
		B27653912CE25688002EE55D /* XCTTestCase+MemoryLeakHelper.swift in Sources */ = {isa = PBXBuildFile; fileRef = B27653882CE25688002EE55D /* XCTTestCase+MemoryLeakHelper.swift */; };
		B27653922CE25688002EE55D /* EssentialFeedTests.xctestplan in Resources */ = {isa = PBXBuildFile; fileRef = B27653872CE25688002EE55D /* EssentialFeedTests.xctestplan */; };
		B276539B2CE2572D002EE55D /* EssentialFeedTests.swift in Sources */ = {isa = PBXBuildFile; fileRef = B276539A2CE2572D002EE55D /* EssentialFeedTests.swift */; };
		B27653B32CE27625002EE55D /* EssentialFeedEndToEndTests.swift in Sources */ = {isa = PBXBuildFile; fileRef = B27653B12CE27625002EE55D /* EssentialFeedEndToEndTests.swift */; };
		B27653B42CE27E0D002EE55D /* XCTTestCase+MemoryLeakHelper.swift in Sources */ = {isa = PBXBuildFile; fileRef = B27653882CE25688002EE55D /* XCTTestCase+MemoryLeakHelper.swift */; };
		B27653B72CE27F2C002EE55D /* EssentialFeedEndToEndTestPlan.xctestplan in Resources */ = {isa = PBXBuildFile; fileRef = B27653B62CE27F2C002EE55D /* EssentialFeedEndToEndTestPlan.xctestplan */; };
		B2A32CD32DED1154003126ED /* FeedStore.xcdatamodeld in Sources */ = {isa = PBXBuildFile; fileRef = B2FF1A172DE3E44C00CDF8F9 /* FeedStore.xcdatamodeld */; };
		B2A32CD42DED11E3003126ED /* FeedStore.xcdatamodeld in Sources */ = {isa = PBXBuildFile; fileRef = B2FF1A172DE3E44C00CDF8F9 /* FeedStore.xcdatamodeld */; };
		B2A32CD72DED1BBC003126ED /* CoreDataHelpers.swift in Sources */ = {isa = PBXBuildFile; fileRef = B2A32CD62DED1BB6003126ED /* CoreDataHelpers.swift */; };
		B2A32CDA2DED1CB9003126ED /* ManagedCache.swift in Sources */ = {isa = PBXBuildFile; fileRef = B2A32CD92DED1CB9003126ED /* ManagedCache.swift */; };
		B2A32CDD2DED1CD9003126ED /* ManagedFeedImage.swift in Sources */ = {isa = PBXBuildFile; fileRef = B2A32CDC2DED1CD9003126ED /* ManagedFeedImage.swift */; };
		B2A32CDF2DED1D3D003126ED /* CoreDataFeedStore.swift in Sources */ = {isa = PBXBuildFile; fileRef = B2FF1A112DDC07B000CDF8F9 /* CoreDataFeedStore.swift */; };
		B2C7EE8B2DF65562006825E7 /* EssentialFeed.framework in Frameworks */ = {isa = PBXBuildFile; fileRef = 080EDEF121B6DA7E00813479 /* EssentialFeed.framework */; };
		B2C7EE942DF65B85006825E7 /* XCTTestCase+MemoryLeakHelper.swift in Sources */ = {isa = PBXBuildFile; fileRef = B27653882CE25688002EE55D /* XCTTestCase+MemoryLeakHelper.swift */; };
		B2C7EE952DF65DDF006825E7 /* FeedCacheTestHelpers.swift in Sources */ = {isa = PBXBuildFile; fileRef = B2D91AA12DB6D9EC006322E1 /* FeedCacheTestHelpers.swift */; };
		B2C7EE962DF65E34006825E7 /* SharedTestHelpers.swift in Sources */ = {isa = PBXBuildFile; fileRef = B2D91AA42DB6DAF8006322E1 /* SharedTestHelpers.swift */; };
		B2D91AA02DB6B4CB006322E1 /* ValidateFeedCacheUseCaseTests.swift in Sources */ = {isa = PBXBuildFile; fileRef = B2D91A9E2DB6B4CB006322E1 /* ValidateFeedCacheUseCaseTests.swift */; };
		B2D91AA22DB6D9FF006322E1 /* FeedCacheTestHelpers.swift in Sources */ = {isa = PBXBuildFile; fileRef = B2D91AA12DB6D9EC006322E1 /* FeedCacheTestHelpers.swift */; };
		B2D91AA52DB6DAFE006322E1 /* SharedTestHelpers.swift in Sources */ = {isa = PBXBuildFile; fileRef = B2D91AA42DB6DAF8006322E1 /* SharedTestHelpers.swift */; };
		B2D91AA62DB6DAFE006322E1 /* SharedTestHelpers.swift in Sources */ = {isa = PBXBuildFile; fileRef = B2D91AA42DB6DAF8006322E1 /* SharedTestHelpers.swift */; };
		B2D91AAA2DB6EA8E006322E1 /* FeedCachePolicy.swift in Sources */ = {isa = PBXBuildFile; fileRef = B2D91AA82DB6EA8E006322E1 /* FeedCachePolicy.swift */; };
		B2DA17462D062B26008FAB76 /* CacheFeedUseCaseTests.swift in Sources */ = {isa = PBXBuildFile; fileRef = B2DA17452D062B26008FAB76 /* CacheFeedUseCaseTests.swift */; };
		B2EF88DD2CE296F200F58C80 /* CI.xctestplan in Resources */ = {isa = PBXBuildFile; fileRef = B2EF88DC2CE296F200F58C80 /* CI.xctestplan */; };
		B2F8CA012E0B3F7300642D00 /* EssentialFeedEndToEndTests.xctestplan in Resources */ = {isa = PBXBuildFile; fileRef = B2F8CA002E0B3F2100642D00 /* EssentialFeedEndToEndTests.xctestplan */; };
		B2FF19F72DDBF7A100CDF8F9 /* FeedStoreSpecs.swift in Sources */ = {isa = PBXBuildFile; fileRef = B2FF19F62DDBF7A100CDF8F9 /* FeedStoreSpecs.swift */; };
		B2FF19F82DDBF7A100CDF8F9 /* FeedStoreSpecs.swift in Sources */ = {isa = PBXBuildFile; fileRef = B2FF19F62DDBF7A100CDF8F9 /* FeedStoreSpecs.swift */; };
		B2FF19FB2DDBF89A00CDF8F9 /* XCTestCase+FeedStoreSpecs.swift in Sources */ = {isa = PBXBuildFile; fileRef = B2FF19F92DDBF89A00CDF8F9 /* XCTestCase+FeedStoreSpecs.swift */; };
		B2FF1A022DDBFE1700CDF8F9 /* XCTestCase+FailableRetrieveFeedStoreSepcs.swift in Sources */ = {isa = PBXBuildFile; fileRef = B2FF1A002DDBFE0200CDF8F9 /* XCTestCase+FailableRetrieveFeedStoreSepcs.swift */; };
		B2FF1A062DDBFF5100CDF8F9 /* XCTestCase+FailableInsertFeedStoreSpecs.swift in Sources */ = {isa = PBXBuildFile; fileRef = B2FF1A042DDBFF4500CDF8F9 /* XCTestCase+FailableInsertFeedStoreSpecs.swift */; };
		B2FF1A0A2DDC005B00CDF8F9 /* XCTestCase+FailableDeleteFeedStoreSpecs.swift in Sources */ = {isa = PBXBuildFile; fileRef = B2FF1A082DDC005B00CDF8F9 /* XCTestCase+FailableDeleteFeedStoreSpecs.swift */; };
		B2FF1A0F2DDC074F00CDF8F9 /* CoreDataFeedStoreTests.swift in Sources */ = {isa = PBXBuildFile; fileRef = B2FF1A0D2DDC074800CDF8F9 /* CoreDataFeedStoreTests.swift */; };
/* End PBXBuildFile section */

/* Begin PBXContainerItemProxy section */
		080EDEFC21B6DA7E00813479 /* PBXContainerItemProxy */ = {
			isa = PBXContainerItemProxy;
			containerPortal = 080EDEE821B6DA7E00813479 /* Project object */;
			proxyType = 1;
			remoteGlobalIDString = 080EDEF021B6DA7E00813479;
			remoteInfo = EssentialFeed;
		};
		B20C6EAD2CE2A987003658EC /* PBXContainerItemProxy */ = {
			isa = PBXContainerItemProxy;
			containerPortal = 080EDEE821B6DA7E00813479 /* Project object */;
			proxyType = 1;
			remoteGlobalIDString = 080EDEF021B6DA7E00813479;
			remoteInfo = EssentialFeed;
		};
		B2C7EE8C2DF65562006825E7 /* PBXContainerItemProxy */ = {
			isa = PBXContainerItemProxy;
			containerPortal = 080EDEE821B6DA7E00813479 /* Project object */;
			proxyType = 1;
			remoteGlobalIDString = 080EDEF021B6DA7E00813479;
			remoteInfo = EssentialFeed;
		};
/* End PBXContainerItemProxy section */

/* Begin PBXFileReference section */
		080EDEF121B6DA7E00813479 /* EssentialFeed.framework */ = {isa = PBXFileReference; explicitFileType = wrapper.framework; includeInIndex = 0; path = EssentialFeed.framework; sourceTree = BUILT_PRODUCTS_DIR; };
		080EDEF521B6DA7E00813479 /* Info.plist */ = {isa = PBXFileReference; lastKnownFileType = text.plist.xml; path = Info.plist; sourceTree = "<group>"; };
		080EDEFA21B6DA7E00813479 /* EssentialFeedTests.xctest */ = {isa = PBXFileReference; explicitFileType = wrapper.cfbundle; includeInIndex = 0; path = EssentialFeedTests.xctest; sourceTree = BUILT_PRODUCTS_DIR; };
		080EDF0121B6DA7E00813479 /* Info.plist */ = {isa = PBXFileReference; lastKnownFileType = text.plist.xml; path = Info.plist; sourceTree = "<group>"; };
		B25C4A7F2D3C594400B54C04 /* LoadFeedFromCacheUserCaseTests.swift */ = {isa = PBXFileReference; lastKnownFileType = sourcecode.swift; path = LoadFeedFromCacheUserCaseTests.swift; sourceTree = "<group>"; };
		B25C4A832D3C5AAD00B54C04 /* FeedStoreSpy.swift */ = {isa = PBXFileReference; lastKnownFileType = sourcecode.swift; path = FeedStoreSpy.swift; sourceTree = "<group>"; };
		B264C9682D0E1D4300273D55 /* LocalFeedLoader.swift */ = {isa = PBXFileReference; lastKnownFileType = sourcecode.swift; path = LocalFeedLoader.swift; sourceTree = "<group>"; };
		B264C96B2D0E1E1400273D55 /* FeedStore.swift */ = {isa = PBXFileReference; lastKnownFileType = sourcecode.swift; path = FeedStore.swift; sourceTree = "<group>"; };
		B264C96E2D0E336700273D55 /* RemoteFeedItem.swift */ = {isa = PBXFileReference; lastKnownFileType = sourcecode.swift; path = RemoteFeedItem.swift; sourceTree = "<group>"; };
		B264C9712D0E339900273D55 /* LocalFeedImage.swift */ = {isa = PBXFileReference; lastKnownFileType = sourcecode.swift; path = LocalFeedImage.swift; sourceTree = "<group>"; };
		B27653722CE2562C002EE55D /* FeedImage.swift */ = {isa = PBXFileReference; lastKnownFileType = sourcecode.swift; path = FeedImage.swift; sourceTree = "<group>"; };
		B27653732CE2562C002EE55D /* FeedLoader.swift */ = {isa = PBXFileReference; lastKnownFileType = sourcecode.swift; path = FeedLoader.swift; sourceTree = "<group>"; };
		B27653752CE2562C002EE55D /* FeedItemMapper.swift */ = {isa = PBXFileReference; lastKnownFileType = sourcecode.swift; path = FeedItemMapper.swift; sourceTree = "<group>"; };
		B27653762CE2562C002EE55D /* HTTPClient.swift */ = {isa = PBXFileReference; lastKnownFileType = sourcecode.swift; path = HTTPClient.swift; sourceTree = "<group>"; };
		B27653772CE2562C002EE55D /* RemoteFeedLoader.swift */ = {isa = PBXFileReference; lastKnownFileType = sourcecode.swift; path = RemoteFeedLoader.swift; sourceTree = "<group>"; };
		B27653782CE2562C002EE55D /* URLSessionHTTPClient.swift */ = {isa = PBXFileReference; lastKnownFileType = sourcecode.swift; path = URLSessionHTTPClient.swift; sourceTree = "<group>"; };
		B27653872CE25688002EE55D /* EssentialFeedTests.xctestplan */ = {isa = PBXFileReference; lastKnownFileType = text; path = EssentialFeedTests.xctestplan; sourceTree = "<group>"; };
		B27653882CE25688002EE55D /* XCTTestCase+MemoryLeakHelper.swift */ = {isa = PBXFileReference; lastKnownFileType = sourcecode.swift; path = "XCTTestCase+MemoryLeakHelper.swift"; sourceTree = "<group>"; };
		B276538A2CE25688002EE55D /* LoadFeedFromRemoteUseCaseTests.swift */ = {isa = PBXFileReference; lastKnownFileType = sourcecode.swift; path = LoadFeedFromRemoteUseCaseTests.swift; sourceTree = "<group>"; };
		B276538B2CE25688002EE55D /* URLSessionHTTPClientTests.swift */ = {isa = PBXFileReference; lastKnownFileType = sourcecode.swift; path = URLSessionHTTPClientTests.swift; sourceTree = "<group>"; };
		B276539A2CE2572D002EE55D /* EssentialFeedTests.swift */ = {isa = PBXFileReference; lastKnownFileType = sourcecode.swift; path = EssentialFeedTests.swift; sourceTree = "<group>"; };
		B27653A72CE2761E002EE55D /* EssentialFeedEndToEndTests.xctest */ = {isa = PBXFileReference; explicitFileType = wrapper.cfbundle; includeInIndex = 0; path = EssentialFeedEndToEndTests.xctest; sourceTree = BUILT_PRODUCTS_DIR; };
		B27653B12CE27625002EE55D /* EssentialFeedEndToEndTests.swift */ = {isa = PBXFileReference; lastKnownFileType = sourcecode.swift; path = EssentialFeedEndToEndTests.swift; sourceTree = "<group>"; };
		B27653B62CE27F2C002EE55D /* EssentialFeedEndToEndTestPlan.xctestplan */ = {isa = PBXFileReference; lastKnownFileType = text; path = EssentialFeedEndToEndTestPlan.xctestplan; sourceTree = "<group>"; };
		B2A32CD62DED1BB6003126ED /* CoreDataHelpers.swift */ = {isa = PBXFileReference; lastKnownFileType = sourcecode.swift; path = CoreDataHelpers.swift; sourceTree = "<group>"; };
		B2A32CD92DED1CB9003126ED /* ManagedCache.swift */ = {isa = PBXFileReference; lastKnownFileType = sourcecode.swift; path = ManagedCache.swift; sourceTree = "<group>"; };
		B2A32CDC2DED1CD9003126ED /* ManagedFeedImage.swift */ = {isa = PBXFileReference; lastKnownFileType = sourcecode.swift; path = ManagedFeedImage.swift; sourceTree = "<group>"; };
		B2C7EE872DF65562006825E7 /* EssentialFeedCacheIntegrationTests.xctest */ = {isa = PBXFileReference; explicitFileType = wrapper.cfbundle; includeInIndex = 0; path = EssentialFeedCacheIntegrationTests.xctest; sourceTree = BUILT_PRODUCTS_DIR; };
		B2C7EE912DF65784006825E7 /* EssentialFeedCacheIntegrationTests.xctestplan */ = {isa = PBXFileReference; lastKnownFileType = text; name = EssentialFeedCacheIntegrationTests.xctestplan; path = EssentialFeedCacheIntegrationTests/EssentialFeedCacheIntegrationTests.xctestplan; sourceTree = "<group>"; };
		B2D91A9E2DB6B4CB006322E1 /* ValidateFeedCacheUseCaseTests.swift */ = {isa = PBXFileReference; lastKnownFileType = sourcecode.swift; path = ValidateFeedCacheUseCaseTests.swift; sourceTree = "<group>"; };
		B2D91AA12DB6D9EC006322E1 /* FeedCacheTestHelpers.swift */ = {isa = PBXFileReference; lastKnownFileType = sourcecode.swift; path = FeedCacheTestHelpers.swift; sourceTree = "<group>"; };
		B2D91AA42DB6DAF8006322E1 /* SharedTestHelpers.swift */ = {isa = PBXFileReference; lastKnownFileType = sourcecode.swift; path = SharedTestHelpers.swift; sourceTree = "<group>"; };
		B2D91AA82DB6EA8E006322E1 /* FeedCachePolicy.swift */ = {isa = PBXFileReference; lastKnownFileType = sourcecode.swift; path = FeedCachePolicy.swift; sourceTree = "<group>"; };
		B2DA17452D062B26008FAB76 /* CacheFeedUseCaseTests.swift */ = {isa = PBXFileReference; lastKnownFileType = sourcecode.swift; path = CacheFeedUseCaseTests.swift; sourceTree = "<group>"; };
		B2EF88DC2CE296F200F58C80 /* CI.xctestplan */ = {isa = PBXFileReference; lastKnownFileType = text; path = CI.xctestplan; sourceTree = "<group>"; };
		B2F8CA002E0B3F2100642D00 /* EssentialFeedEndToEndTests.xctestplan */ = {isa = PBXFileReference; lastKnownFileType = text; name = EssentialFeedEndToEndTests.xctestplan; path = EssentialFeedEndToEndTests/EssentialFeedEndToEndTests.xctestplan; sourceTree = "<group>"; };
		B2FF19F62DDBF7A100CDF8F9 /* FeedStoreSpecs.swift */ = {isa = PBXFileReference; lastKnownFileType = sourcecode.swift; path = FeedStoreSpecs.swift; sourceTree = "<group>"; };
		B2FF19F92DDBF89A00CDF8F9 /* XCTestCase+FeedStoreSpecs.swift */ = {isa = PBXFileReference; lastKnownFileType = sourcecode.swift; path = "XCTestCase+FeedStoreSpecs.swift"; sourceTree = "<group>"; };
		B2FF1A002DDBFE0200CDF8F9 /* XCTestCase+FailableRetrieveFeedStoreSepcs.swift */ = {isa = PBXFileReference; lastKnownFileType = sourcecode.swift; path = "XCTestCase+FailableRetrieveFeedStoreSepcs.swift"; sourceTree = "<group>"; };
		B2FF1A042DDBFF4500CDF8F9 /* XCTestCase+FailableInsertFeedStoreSpecs.swift */ = {isa = PBXFileReference; lastKnownFileType = sourcecode.swift; path = "XCTestCase+FailableInsertFeedStoreSpecs.swift"; sourceTree = "<group>"; };
		B2FF1A082DDC005B00CDF8F9 /* XCTestCase+FailableDeleteFeedStoreSpecs.swift */ = {isa = PBXFileReference; lastKnownFileType = sourcecode.swift; path = "XCTestCase+FailableDeleteFeedStoreSpecs.swift"; sourceTree = "<group>"; };
		B2FF1A0D2DDC074800CDF8F9 /* CoreDataFeedStoreTests.swift */ = {isa = PBXFileReference; lastKnownFileType = sourcecode.swift; path = CoreDataFeedStoreTests.swift; sourceTree = "<group>"; };
		B2FF1A112DDC07B000CDF8F9 /* CoreDataFeedStore.swift */ = {isa = PBXFileReference; lastKnownFileType = sourcecode.swift; path = CoreDataFeedStore.swift; sourceTree = "<group>"; };
		B2FF1A182DE3E44C00CDF8F9 /* FeedStore.xcdatamodel */ = {isa = PBXFileReference; lastKnownFileType = wrapper.xcdatamodel; path = FeedStore.xcdatamodel; sourceTree = "<group>"; };
/* End PBXFileReference section */

/* Begin PBXFileSystemSynchronizedRootGroup section */
		B2C7EE882DF65562006825E7 /* EssentialFeedCacheIntegrationTests */ = {isa = PBXFileSystemSynchronizedRootGroup; explicitFileTypes = {}; explicitFolders = (); path = EssentialFeedCacheIntegrationTests; sourceTree = "<group>"; };
/* End PBXFileSystemSynchronizedRootGroup section */

/* Begin PBXFrameworksBuildPhase section */
		080EDEEE21B6DA7E00813479 /* Frameworks */ = {
			isa = PBXFrameworksBuildPhase;
			buildActionMask = 2147483647;
			files = (
			);
			runOnlyForDeploymentPostprocessing = 0;
		};
		080EDEF721B6DA7E00813479 /* Frameworks */ = {
			isa = PBXFrameworksBuildPhase;
			buildActionMask = 2147483647;
			files = (
				080EDEFB21B6DA7E00813479 /* EssentialFeed.framework in Frameworks */,
			);
			runOnlyForDeploymentPostprocessing = 0;
		};
		B27653A42CE2761E002EE55D /* Frameworks */ = {
			isa = PBXFrameworksBuildPhase;
			buildActionMask = 2147483647;
			files = (
				B20C6EAB2CE2A987003658EC /* EssentialFeed.framework in Frameworks */,
			);
			runOnlyForDeploymentPostprocessing = 0;
		};
		B2C7EE842DF65562006825E7 /* Frameworks */ = {
			isa = PBXFrameworksBuildPhase;
			buildActionMask = 2147483647;
			files = (
				B2C7EE8B2DF65562006825E7 /* EssentialFeed.framework in Frameworks */,
			);
			runOnlyForDeploymentPostprocessing = 0;
		};
/* End PBXFrameworksBuildPhase section */

/* Begin PBXGroup section */
		080EDEE721B6DA7E00813479 = {
			isa = PBXGroup;
			children = (
				B2F8CA002E0B3F2100642D00 /* EssentialFeedEndToEndTests.xctestplan */,
				B2C7EE912DF65784006825E7 /* EssentialFeedCacheIntegrationTests.xctestplan */,
				B2EF88D82CE2839F00F58C80 /* CI */,
				080EDEF321B6DA7E00813479 /* EssentialFeed */,
				080EDEFE21B6DA7E00813479 /* EssentialFeedTests */,
				B27653B22CE27625002EE55D /* EssentialFeedEndToEndTests */,
				B2C7EE882DF65562006825E7 /* EssentialFeedCacheIntegrationTests */,
				B20C6EA52CE2A6A7003658EC /* Frameworks */,
				080EDEF221B6DA7E00813479 /* Products */,
			);
			sourceTree = "<group>";
		};
		080EDEF221B6DA7E00813479 /* Products */ = {
			isa = PBXGroup;
			children = (
				080EDEF121B6DA7E00813479 /* EssentialFeed.framework */,
				080EDEFA21B6DA7E00813479 /* EssentialFeedTests.xctest */,
				B27653A72CE2761E002EE55D /* EssentialFeedEndToEndTests.xctest */,
				B2C7EE872DF65562006825E7 /* EssentialFeedCacheIntegrationTests.xctest */,
			);
			name = Products;
			sourceTree = "<group>";
		};
		080EDEF321B6DA7E00813479 /* EssentialFeed */ = {
			isa = PBXGroup;
			children = (
				B264C9672D0E1D3500273D55 /* Feed Cache */,
				B27653742CE2562C002EE55D /* Feed Feature */,
				B27653792CE2562C002EE55D /* FeedAPI */,
				080EDEF521B6DA7E00813479 /* Info.plist */,
			);
			path = EssentialFeed;
			sourceTree = "<group>";
		};
		080EDEFE21B6DA7E00813479 /* EssentialFeedTests */ = {
			isa = PBXGroup;
			children = (
				B2FF1A0C2DDC039300CDF8F9 /* FeedStoreSpecs */,
				B27653892CE25688002EE55D /* Helpers */,
				B2DA17442D062B04008FAB76 /* Feed Cache */,
				B276539A2CE2572D002EE55D /* EssentialFeedTests.swift */,
				B27653872CE25688002EE55D /* EssentialFeedTests.xctestplan */,
				B276538C2CE25688002EE55D /* Feed API */,
				080EDF0121B6DA7E00813479 /* Info.plist */,
			);
			path = EssentialFeedTests;
			sourceTree = "<group>";
		};
		B20C6EA52CE2A6A7003658EC /* Frameworks */ = {
			isa = PBXGroup;
			children = (
			);
			name = Frameworks;
			sourceTree = "<group>";
		};
		B25C4A862D3C5ABD00B54C04 /* Helpers */ = {
			isa = PBXGroup;
			children = (
				B2D91AA12DB6D9EC006322E1 /* FeedCacheTestHelpers.swift */,
				B25C4A832D3C5AAD00B54C04 /* FeedStoreSpy.swift */,
			);
			path = Helpers;
			sourceTree = "<group>";
		};
		B264C9672D0E1D3500273D55 /* Feed Cache */ = {
			isa = PBXGroup;
			children = (
				B2A32CD52DED1B54003126ED /* Infrastructure */,
				B264C9682D0E1D4300273D55 /* LocalFeedLoader.swift */,
				B2D91AA82DB6EA8E006322E1 /* FeedCachePolicy.swift */,
				B264C96B2D0E1E1400273D55 /* FeedStore.swift */,
				B264C9712D0E339900273D55 /* LocalFeedImage.swift */,
			);
			path = "Feed Cache";
			sourceTree = "<group>";
		};
		B27653742CE2562C002EE55D /* Feed Feature */ = {
			isa = PBXGroup;
			children = (
				B27653722CE2562C002EE55D /* FeedImage.swift */,
				B27653732CE2562C002EE55D /* FeedLoader.swift */,
			);
			path = "Feed Feature";
			sourceTree = "<group>";
		};
		B27653792CE2562C002EE55D /* FeedAPI */ = {
			isa = PBXGroup;
			children = (
				B27653752CE2562C002EE55D /* FeedItemMapper.swift */,
				B264C96E2D0E336700273D55 /* RemoteFeedItem.swift */,
				B27653762CE2562C002EE55D /* HTTPClient.swift */,
				B27653772CE2562C002EE55D /* RemoteFeedLoader.swift */,
				B27653782CE2562C002EE55D /* URLSessionHTTPClient.swift */,
			);
			path = FeedAPI;
			sourceTree = "<group>";
		};
		B27653892CE25688002EE55D /* Helpers */ = {
			isa = PBXGroup;
			children = (
				B2D91AA42DB6DAF8006322E1 /* SharedTestHelpers.swift */,
				B27653882CE25688002EE55D /* XCTTestCase+MemoryLeakHelper.swift */,
			);
			path = Helpers;
			sourceTree = "<group>";
		};
		B276538C2CE25688002EE55D /* Feed API */ = {
			isa = PBXGroup;
			children = (
				B276538A2CE25688002EE55D /* LoadFeedFromRemoteUseCaseTests.swift */,
				B276538B2CE25688002EE55D /* URLSessionHTTPClientTests.swift */,
			);
			path = "Feed API";
			sourceTree = "<group>";
		};
		B27653B22CE27625002EE55D /* EssentialFeedEndToEndTests */ = {
			isa = PBXGroup;
			children = (
				B27653B12CE27625002EE55D /* EssentialFeedEndToEndTests.swift */,
				B27653B62CE27F2C002EE55D /* EssentialFeedEndToEndTestPlan.xctestplan */,
			);
			path = EssentialFeedEndToEndTests;
			sourceTree = "<group>";
		};
		B2A32CD52DED1B54003126ED /* Infrastructure */ = {
			isa = PBXGroup;
			children = (
				B2A32CDC2DED1CD9003126ED /* ManagedFeedImage.swift */,
				B2A32CD92DED1CB9003126ED /* ManagedCache.swift */,
				B2A32CD62DED1BB6003126ED /* CoreDataHelpers.swift */,
				B2FF1A112DDC07B000CDF8F9 /* CoreDataFeedStore.swift */,
				B2FF1A172DE3E44C00CDF8F9 /* FeedStore.xcdatamodeld */,
			);
			path = Infrastructure;
			sourceTree = "<group>";
		};
		B2DA17442D062B04008FAB76 /* Feed Cache */ = {
			isa = PBXGroup;
			children = (
				B2DA17452D062B26008FAB76 /* CacheFeedUseCaseTests.swift */,
				B25C4A7F2D3C594400B54C04 /* LoadFeedFromCacheUserCaseTests.swift */,
				B2D91A9E2DB6B4CB006322E1 /* ValidateFeedCacheUseCaseTests.swift */,
				B25C4A862D3C5ABD00B54C04 /* Helpers */,
			);
			path = "Feed Cache";
			sourceTree = "<group>";
		};
		B2EF88D82CE2839F00F58C80 /* CI */ = {
			isa = PBXGroup;
			children = (
				B2EF88DC2CE296F200F58C80 /* CI.xctestplan */,
			);
			path = CI;
			sourceTree = "<group>";
		};
		B2FF1A0C2DDC039300CDF8F9 /* FeedStoreSpecs */ = {
			isa = PBXGroup;
			children = (
				B2FF1A0D2DDC074800CDF8F9 /* CoreDataFeedStoreTests.swift */,
				B2FF1A042DDBFF4500CDF8F9 /* XCTestCase+FailableInsertFeedStoreSpecs.swift */,
				B2FF1A082DDC005B00CDF8F9 /* XCTestCase+FailableDeleteFeedStoreSpecs.swift */,
				B2FF1A002DDBFE0200CDF8F9 /* XCTestCase+FailableRetrieveFeedStoreSepcs.swift */,
				B2FF19F92DDBF89A00CDF8F9 /* XCTestCase+FeedStoreSpecs.swift */,
				B2FF19F62DDBF7A100CDF8F9 /* FeedStoreSpecs.swift */,
			);
			path = FeedStoreSpecs;
			sourceTree = "<group>";
		};
/* End PBXGroup section */

/* Begin PBXHeadersBuildPhase section */
		080EDEEC21B6DA7E00813479 /* Headers */ = {
			isa = PBXHeadersBuildPhase;
			buildActionMask = 2147483647;
			files = (
			);
			runOnlyForDeploymentPostprocessing = 0;
		};
/* End PBXHeadersBuildPhase section */

/* Begin PBXNativeTarget section */
		080EDEF021B6DA7E00813479 /* EssentialFeed */ = {
			isa = PBXNativeTarget;
			buildConfigurationList = 080EDF0521B6DA7E00813479 /* Build configuration list for PBXNativeTarget "EssentialFeed" */;
			buildPhases = (
				080EDEEC21B6DA7E00813479 /* Headers */,
				080EDEED21B6DA7E00813479 /* Sources */,
				080EDEEE21B6DA7E00813479 /* Frameworks */,
				080EDEEF21B6DA7E00813479 /* Resources */,
			);
			buildRules = (
			);
			dependencies = (
			);
			name = EssentialFeed;
			productName = EssentialFeed;
			productReference = 080EDEF121B6DA7E00813479 /* EssentialFeed.framework */;
			productType = "com.apple.product-type.framework";
		};
		080EDEF921B6DA7E00813479 /* EssentialFeedTests */ = {
			isa = PBXNativeTarget;
			buildConfigurationList = 080EDF0821B6DA7E00813479 /* Build configuration list for PBXNativeTarget "EssentialFeedTests" */;
			buildPhases = (
				080EDEF621B6DA7E00813479 /* Sources */,
				080EDEF721B6DA7E00813479 /* Frameworks */,
				080EDEF821B6DA7E00813479 /* Resources */,
			);
			buildRules = (
			);
			dependencies = (
				080EDEFD21B6DA7E00813479 /* PBXTargetDependency */,
			);
			name = EssentialFeedTests;
			productName = EssentialFeedTests;
			productReference = 080EDEFA21B6DA7E00813479 /* EssentialFeedTests.xctest */;
			productType = "com.apple.product-type.bundle.unit-test";
		};
		B27653A62CE2761E002EE55D /* EssentialFeedEndToEndTests */ = {
			isa = PBXNativeTarget;
			buildConfigurationList = B27653B02CE2761E002EE55D /* Build configuration list for PBXNativeTarget "EssentialFeedEndToEndTests" */;
			buildPhases = (
				B27653A32CE2761E002EE55D /* Sources */,
				B27653A42CE2761E002EE55D /* Frameworks */,
				B27653A52CE2761E002EE55D /* Resources */,
			);
			buildRules = (
			);
			dependencies = (
				B20C6EAE2CE2A987003658EC /* PBXTargetDependency */,
			);
			name = EssentialFeedEndToEndTests;
			packageProductDependencies = (
			);
			productName = EssentialFeedEndToEndTests;
			productReference = B27653A72CE2761E002EE55D /* EssentialFeedEndToEndTests.xctest */;
			productType = "com.apple.product-type.bundle.unit-test";
		};
		B2C7EE862DF65562006825E7 /* EssentialFeedCacheIntegrationTests */ = {
			isa = PBXNativeTarget;
			buildConfigurationList = B2C7EE902DF65562006825E7 /* Build configuration list for PBXNativeTarget "EssentialFeedCacheIntegrationTests" */;
			buildPhases = (
				B2C7EE832DF65562006825E7 /* Sources */,
				B2C7EE842DF65562006825E7 /* Frameworks */,
				B2C7EE852DF65562006825E7 /* Resources */,
			);
			buildRules = (
			);
			dependencies = (
				B2C7EE8D2DF65562006825E7 /* PBXTargetDependency */,
			);
			fileSystemSynchronizedGroups = (
				B2C7EE882DF65562006825E7 /* EssentialFeedCacheIntegrationTests */,
			);
			name = EssentialFeedCacheIntegrationTests;
			packageProductDependencies = (
			);
			productName = EssentialFeedCacheIntegrationTests;
			productReference = B2C7EE872DF65562006825E7 /* EssentialFeedCacheIntegrationTests.xctest */;
			productType = "com.apple.product-type.bundle.unit-test";
		};
/* End PBXNativeTarget section */

/* Begin PBXProject section */
		080EDEE821B6DA7E00813479 /* Project object */ = {
			isa = PBXProject;
			attributes = {
				BuildIndependentTargetsInParallel = YES;
				LastSwiftUpdateCheck = 1640;
				LastUpgradeCheck = 1600;
				ORGANIZATIONNAME = "";
				TargetAttributes = {
					080EDEF021B6DA7E00813479 = {
						CreatedOnToolsVersion = 10.1;
						LastSwiftMigration = 1540;
					};
					080EDEF921B6DA7E00813479 = {
						CreatedOnToolsVersion = 10.1;
						LastSwiftMigration = 1540;
					};
					B27653A62CE2761E002EE55D = {
						CreatedOnToolsVersion = 16.1;
					};
					B2C7EE862DF65562006825E7 = {
						CreatedOnToolsVersion = 16.4;
					};
				};
			};
			buildConfigurationList = 080EDEEB21B6DA7E00813479 /* Build configuration list for PBXProject "EssentialFeed" */;
			compatibilityVersion = "Xcode 13.0";
			developmentRegion = en;
			hasScannedForEncodings = 0;
			knownRegions = (
				en,
				Base,
			);
			mainGroup = 080EDEE721B6DA7E00813479;
			productRefGroup = 080EDEF221B6DA7E00813479 /* Products */;
			projectDirPath = "";
			projectRoot = "";
			targets = (
				080EDEF021B6DA7E00813479 /* EssentialFeed */,
				080EDEF921B6DA7E00813479 /* EssentialFeedTests */,
				B27653A62CE2761E002EE55D /* EssentialFeedEndToEndTests */,
				B2C7EE862DF65562006825E7 /* EssentialFeedCacheIntegrationTests */,
			);
		};
/* End PBXProject section */

/* Begin PBXResourcesBuildPhase section */
		080EDEEF21B6DA7E00813479 /* Resources */ = {
			isa = PBXResourcesBuildPhase;
			buildActionMask = 2147483647;
			files = (
				B2F8CA012E0B3F7300642D00 /* EssentialFeedEndToEndTests.xctestplan in Resources */,
				B27653922CE25688002EE55D /* EssentialFeedTests.xctestplan in Resources */,
				B2EF88DD2CE296F200F58C80 /* CI.xctestplan in Resources */,
			);
			runOnlyForDeploymentPostprocessing = 0;
		};
		080EDEF821B6DA7E00813479 /* Resources */ = {
			isa = PBXResourcesBuildPhase;
			buildActionMask = 2147483647;
			files = (
				B276538D2CE25688002EE55D /* EssentialFeedTests.xctestplan in Resources */,
			);
			runOnlyForDeploymentPostprocessing = 0;
		};
		B27653A52CE2761E002EE55D /* Resources */ = {
			isa = PBXResourcesBuildPhase;
			buildActionMask = 2147483647;
			files = (
				B27653B72CE27F2C002EE55D /* EssentialFeedEndToEndTestPlan.xctestplan in Resources */,
			);
			runOnlyForDeploymentPostprocessing = 0;
		};
		B2C7EE852DF65562006825E7 /* Resources */ = {
			isa = PBXResourcesBuildPhase;
			buildActionMask = 2147483647;
			files = (
			);
			runOnlyForDeploymentPostprocessing = 0;
		};
/* End PBXResourcesBuildPhase section */

/* Begin PBXSourcesBuildPhase section */
		080EDEED21B6DA7E00813479 /* Sources */ = {
			isa = PBXSourcesBuildPhase;
			buildActionMask = 2147483647;
			files = (
				B2A32CD72DED1BBC003126ED /* CoreDataHelpers.swift in Sources */,
				B27653802CE2562C002EE55D /* FeedItemMapper.swift in Sources */,
				B2D91AAA2DB6EA8E006322E1 /* FeedCachePolicy.swift in Sources */,
				B264C96D2D0E1E1400273D55 /* FeedStore.swift in Sources */,
				B264C9732D0E339900273D55 /* LocalFeedImage.swift in Sources */,
				B2A32CDF2DED1D3D003126ED /* CoreDataFeedStore.swift in Sources */,
				B2A32CD32DED1154003126ED /* FeedStore.xcdatamodeld in Sources */,
				B264C9692D0E1D4A00273D55 /* LocalFeedLoader.swift in Sources */,
				B27653812CE2562C002EE55D /* URLSessionHTTPClient.swift in Sources */,
				B27653822CE2562C002EE55D /* FeedImage.swift in Sources */,
				B27653832CE2562C002EE55D /* RemoteFeedLoader.swift in Sources */,
				B27653842CE2562C002EE55D /* HTTPClient.swift in Sources */,
				B264C9702D0E336700273D55 /* RemoteFeedItem.swift in Sources */,
				B2FF19F72DDBF7A100CDF8F9 /* FeedStoreSpecs.swift in Sources */,
				B2A32CDA2DED1CB9003126ED /* ManagedCache.swift in Sources */,
				B27653852CE2562C002EE55D /* FeedLoader.swift in Sources */,
				B2A32CDD2DED1CD9003126ED /* ManagedFeedImage.swift in Sources */,
			);
			runOnlyForDeploymentPostprocessing = 0;
		};
		080EDEF621B6DA7E00813479 /* Sources */ = {
			isa = PBXSourcesBuildPhase;
			buildActionMask = 2147483647;
			files = (
				B2FF19FB2DDBF89A00CDF8F9 /* XCTestCase+FeedStoreSpecs.swift in Sources */,
				B276538F2CE25688002EE55D /* URLSessionHTTPClientTests.swift in Sources */,
				B276539B2CE2572D002EE55D /* EssentialFeedTests.swift in Sources */,
				B27653902CE25688002EE55D /* LoadFeedFromRemoteUseCaseTests.swift in Sources */,
				B2FF1A022DDBFE1700CDF8F9 /* XCTestCase+FailableRetrieveFeedStoreSepcs.swift in Sources */,
				B2FF1A0A2DDC005B00CDF8F9 /* XCTestCase+FailableDeleteFeedStoreSpecs.swift in Sources */,
				B27653912CE25688002EE55D /* XCTTestCase+MemoryLeakHelper.swift in Sources */,
				B2A32CD42DED11E3003126ED /* FeedStore.xcdatamodeld in Sources */,
				B2FF1A0F2DDC074F00CDF8F9 /* CoreDataFeedStoreTests.swift in Sources */,
				B2D91AA22DB6D9FF006322E1 /* FeedCacheTestHelpers.swift in Sources */,
				B2DA17462D062B26008FAB76 /* CacheFeedUseCaseTests.swift in Sources */,
				B25C4A842D3C5AAD00B54C04 /* FeedStoreSpy.swift in Sources */,
				B2D91AA02DB6B4CB006322E1 /* ValidateFeedCacheUseCaseTests.swift in Sources */,
				B2D91AA52DB6DAFE006322E1 /* SharedTestHelpers.swift in Sources */,
				B25C4A802D3C594400B54C04 /* LoadFeedFromCacheUserCaseTests.swift in Sources */,
				B2FF1A062DDBFF5100CDF8F9 /* XCTestCase+FailableInsertFeedStoreSpecs.swift in Sources */,
				B2FF19F82DDBF7A100CDF8F9 /* FeedStoreSpecs.swift in Sources */,
			);
			runOnlyForDeploymentPostprocessing = 0;
		};
		B27653A32CE2761E002EE55D /* Sources */ = {
			isa = PBXSourcesBuildPhase;
			buildActionMask = 2147483647;
			files = (
				B27653B32CE27625002EE55D /* EssentialFeedEndToEndTests.swift in Sources */,
				B27653B42CE27E0D002EE55D /* XCTTestCase+MemoryLeakHelper.swift in Sources */,
				B2D91AA62DB6DAFE006322E1 /* SharedTestHelpers.swift in Sources */,
			);
			runOnlyForDeploymentPostprocessing = 0;
		};
		B2C7EE832DF65562006825E7 /* Sources */ = {
			isa = PBXSourcesBuildPhase;
			buildActionMask = 2147483647;
			files = (
				B2C7EE962DF65E34006825E7 /* SharedTestHelpers.swift in Sources */,
				B2C7EE952DF65DDF006825E7 /* FeedCacheTestHelpers.swift in Sources */,
				B2C7EE942DF65B85006825E7 /* XCTTestCase+MemoryLeakHelper.swift in Sources */,
			);
			runOnlyForDeploymentPostprocessing = 0;
		};
/* End PBXSourcesBuildPhase section */

/* Begin PBXTargetDependency section */
		080EDEFD21B6DA7E00813479 /* PBXTargetDependency */ = {
			isa = PBXTargetDependency;
			target = 080EDEF021B6DA7E00813479 /* EssentialFeed */;
			targetProxy = 080EDEFC21B6DA7E00813479 /* PBXContainerItemProxy */;
		};
		B20C6EAE2CE2A987003658EC /* PBXTargetDependency */ = {
			isa = PBXTargetDependency;
			target = 080EDEF021B6DA7E00813479 /* EssentialFeed */;
			targetProxy = B20C6EAD2CE2A987003658EC /* PBXContainerItemProxy */;
		};
		B2C7EE8D2DF65562006825E7 /* PBXTargetDependency */ = {
			isa = PBXTargetDependency;
			target = 080EDEF021B6DA7E00813479 /* EssentialFeed */;
			targetProxy = B2C7EE8C2DF65562006825E7 /* PBXContainerItemProxy */;
		};
/* End PBXTargetDependency section */

/* Begin XCBuildConfiguration section */
		080EDF0321B6DA7E00813479 /* Debug */ = {
			isa = XCBuildConfiguration;
			buildSettings = {
				ALWAYS_SEARCH_USER_PATHS = NO;
				ASSETCATALOG_COMPILER_GENERATE_SWIFT_ASSET_SYMBOL_EXTENSIONS = YES;
				CLANG_ANALYZER_NONNULL = YES;
				CLANG_ANALYZER_NUMBER_OBJECT_CONVERSION = YES_AGGRESSIVE;
				CLANG_CXX_LANGUAGE_STANDARD = "gnu++14";
				CLANG_CXX_LIBRARY = "libc++";
				CLANG_ENABLE_MODULES = YES;
				CLANG_ENABLE_OBJC_ARC = YES;
				CLANG_ENABLE_OBJC_WEAK = YES;
				CLANG_WARN_BLOCK_CAPTURE_AUTORELEASING = YES;
				CLANG_WARN_BOOL_CONVERSION = YES;
				CLANG_WARN_COMMA = YES;
				CLANG_WARN_CONSTANT_CONVERSION = YES;
				CLANG_WARN_DEPRECATED_OBJC_IMPLEMENTATIONS = YES;
				CLANG_WARN_DIRECT_OBJC_ISA_USAGE = YES_ERROR;
				CLANG_WARN_DOCUMENTATION_COMMENTS = YES;
				CLANG_WARN_EMPTY_BODY = YES;
				CLANG_WARN_ENUM_CONVERSION = YES;
				CLANG_WARN_INFINITE_RECURSION = YES;
				CLANG_WARN_INT_CONVERSION = YES;
				CLANG_WARN_NON_LITERAL_NULL_CONVERSION = YES;
				CLANG_WARN_OBJC_IMPLICIT_RETAIN_SELF = YES;
				CLANG_WARN_OBJC_LITERAL_CONVERSION = YES;
				CLANG_WARN_OBJC_ROOT_CLASS = YES_ERROR;
				CLANG_WARN_QUOTED_INCLUDE_IN_FRAMEWORK_HEADER = YES;
				CLANG_WARN_RANGE_LOOP_ANALYSIS = YES;
				CLANG_WARN_STRICT_PROTOTYPES = YES;
				CLANG_WARN_SUSPICIOUS_MOVE = YES;
				CLANG_WARN_UNGUARDED_AVAILABILITY = YES_AGGRESSIVE;
				CLANG_WARN_UNREACHABLE_CODE = YES;
				CLANG_WARN__DUPLICATE_METHOD_MATCH = YES;
				CODE_SIGN_IDENTITY = "Mac Developer";
				COPY_PHASE_STRIP = NO;
				CURRENT_PROJECT_VERSION = 1;
				DEAD_CODE_STRIPPING = YES;
				DEBUG_INFORMATION_FORMAT = dwarf;
				ENABLE_STRICT_OBJC_MSGSEND = YES;
				ENABLE_TESTABILITY = YES;
				ENABLE_USER_SCRIPT_SANDBOXING = YES;
				GCC_C_LANGUAGE_STANDARD = gnu11;
				GCC_DYNAMIC_NO_PIC = NO;
				GCC_NO_COMMON_BLOCKS = YES;
				GCC_OPTIMIZATION_LEVEL = 0;
				GCC_PREPROCESSOR_DEFINITIONS = (
					"DEBUG=1",
					"$(inherited)",
				);
				GCC_WARN_64_TO_32_BIT_CONVERSION = YES;
				GCC_WARN_ABOUT_RETURN_TYPE = YES_ERROR;
				GCC_WARN_UNDECLARED_SELECTOR = YES;
				GCC_WARN_UNINITIALIZED_AUTOS = YES_AGGRESSIVE;
				GCC_WARN_UNUSED_FUNCTION = YES;
				GCC_WARN_UNUSED_VARIABLE = YES;
				MACOSX_DEPLOYMENT_TARGET = 14.0;
				MTL_ENABLE_DEBUG_INFO = INCLUDE_SOURCE;
				MTL_FAST_MATH = YES;
				ONLY_ACTIVE_ARCH = YES;
				SDKROOT = macosx;
				SWIFT_ACTIVE_COMPILATION_CONDITIONS = DEBUG;
				SWIFT_OPTIMIZATION_LEVEL = "-Onone";
				SWIFT_STRICT_CONCURRENCY = minimal;
				SWIFT_VERSION = 5.0;
				VERSIONING_SYSTEM = "apple-generic";
				VERSION_INFO_PREFIX = "";
			};
			name = Debug;
		};
		080EDF0421B6DA7E00813479 /* Release */ = {
			isa = XCBuildConfiguration;
			buildSettings = {
				ALWAYS_SEARCH_USER_PATHS = NO;
				ASSETCATALOG_COMPILER_GENERATE_SWIFT_ASSET_SYMBOL_EXTENSIONS = YES;
				CLANG_ANALYZER_NONNULL = YES;
				CLANG_ANALYZER_NUMBER_OBJECT_CONVERSION = YES_AGGRESSIVE;
				CLANG_CXX_LANGUAGE_STANDARD = "gnu++14";
				CLANG_CXX_LIBRARY = "libc++";
				CLANG_ENABLE_MODULES = YES;
				CLANG_ENABLE_OBJC_ARC = YES;
				CLANG_ENABLE_OBJC_WEAK = YES;
				CLANG_WARN_BLOCK_CAPTURE_AUTORELEASING = YES;
				CLANG_WARN_BOOL_CONVERSION = YES;
				CLANG_WARN_COMMA = YES;
				CLANG_WARN_CONSTANT_CONVERSION = YES;
				CLANG_WARN_DEPRECATED_OBJC_IMPLEMENTATIONS = YES;
				CLANG_WARN_DIRECT_OBJC_ISA_USAGE = YES_ERROR;
				CLANG_WARN_DOCUMENTATION_COMMENTS = YES;
				CLANG_WARN_EMPTY_BODY = YES;
				CLANG_WARN_ENUM_CONVERSION = YES;
				CLANG_WARN_INFINITE_RECURSION = YES;
				CLANG_WARN_INT_CONVERSION = YES;
				CLANG_WARN_NON_LITERAL_NULL_CONVERSION = YES;
				CLANG_WARN_OBJC_IMPLICIT_RETAIN_SELF = YES;
				CLANG_WARN_OBJC_LITERAL_CONVERSION = YES;
				CLANG_WARN_OBJC_ROOT_CLASS = YES_ERROR;
				CLANG_WARN_QUOTED_INCLUDE_IN_FRAMEWORK_HEADER = YES;
				CLANG_WARN_RANGE_LOOP_ANALYSIS = YES;
				CLANG_WARN_STRICT_PROTOTYPES = YES;
				CLANG_WARN_SUSPICIOUS_MOVE = YES;
				CLANG_WARN_UNGUARDED_AVAILABILITY = YES_AGGRESSIVE;
				CLANG_WARN_UNREACHABLE_CODE = YES;
				CLANG_WARN__DUPLICATE_METHOD_MATCH = YES;
				CODE_SIGN_IDENTITY = "Mac Developer";
				COPY_PHASE_STRIP = NO;
				CURRENT_PROJECT_VERSION = 1;
				DEAD_CODE_STRIPPING = YES;
				DEBUG_INFORMATION_FORMAT = "dwarf-with-dsym";
				ENABLE_NS_ASSERTIONS = NO;
				ENABLE_STRICT_OBJC_MSGSEND = YES;
				ENABLE_USER_SCRIPT_SANDBOXING = YES;
				GCC_C_LANGUAGE_STANDARD = gnu11;
				GCC_NO_COMMON_BLOCKS = YES;
				GCC_WARN_64_TO_32_BIT_CONVERSION = YES;
				GCC_WARN_ABOUT_RETURN_TYPE = YES_ERROR;
				GCC_WARN_UNDECLARED_SELECTOR = YES;
				GCC_WARN_UNINITIALIZED_AUTOS = YES_AGGRESSIVE;
				GCC_WARN_UNUSED_FUNCTION = YES;
				GCC_WARN_UNUSED_VARIABLE = YES;
				MACOSX_DEPLOYMENT_TARGET = 14.0;
				MTL_ENABLE_DEBUG_INFO = NO;
				MTL_FAST_MATH = YES;
				SDKROOT = macosx;
				SWIFT_COMPILATION_MODE = wholemodule;
				SWIFT_OPTIMIZATION_LEVEL = "-O";
				SWIFT_STRICT_CONCURRENCY = minimal;
				SWIFT_VERSION = 5.0;
				VERSIONING_SYSTEM = "apple-generic";
				VERSION_INFO_PREFIX = "";
			};
			name = Release;
		};
		080EDF0621B6DA7E00813479 /* Debug */ = {
			isa = XCBuildConfiguration;
			buildSettings = {
				CLANG_ENABLE_MODULES = YES;
				CODE_SIGN_IDENTITY = "";
				CODE_SIGN_STYLE = Automatic;
				COMBINE_HIDPI_IMAGES = YES;
				DEAD_CODE_STRIPPING = YES;
				DEFINES_MODULE = YES;
				DEVELOPMENT_TEAM = "";
				DYLIB_COMPATIBILITY_VERSION = 1;
				DYLIB_CURRENT_VERSION = 1;
				DYLIB_INSTALL_NAME_BASE = "@rpath";
				ENABLE_MODULE_VERIFIER = YES;
				ENABLE_TESTING_SEARCH_PATHS = YES;
				FRAMEWORK_VERSION = A;
				INFOPLIST_FILE = EssentialFeed/Info.plist;
				INSTALL_PATH = "$(LOCAL_LIBRARY_DIR)/Frameworks";
				IPHONEOS_DEPLOYMENT_TARGET = 15.6;
				LD_RUNPATH_SEARCH_PATHS = (
					"$(inherited)",
					"@executable_path/../Frameworks",
					"@loader_path/Frameworks",
				);
				MACOSX_DEPLOYMENT_TARGET = 14.6;
				MODULE_VERIFIER_SUPPORTED_LANGUAGE_STANDARDS = "gnu11 gnu++14";
				PRODUCT_BUNDLE_IDENTIFIER = com.essentialdeveloper.EssentialFeed;
				PRODUCT_NAME = "$(TARGET_NAME:c99extidentifier)";
				SKIP_INSTALL = YES;
				SUPPORTED_PLATFORMS = "iphoneos iphonesimulator macosx";
				SUPPORTS_MACCATALYST = NO;
				SWIFT_OPTIMIZATION_LEVEL = "-Onone";
				TARGETED_DEVICE_FAMILY = 1;
			};
			name = Debug;
		};
		080EDF0721B6DA7E00813479 /* Release */ = {
			isa = XCBuildConfiguration;
			buildSettings = {
				CLANG_ENABLE_MODULES = YES;
				CODE_SIGN_IDENTITY = "";
				CODE_SIGN_STYLE = Automatic;
				COMBINE_HIDPI_IMAGES = YES;
				DEAD_CODE_STRIPPING = YES;
				DEFINES_MODULE = YES;
				DEVELOPMENT_TEAM = "";
				DYLIB_COMPATIBILITY_VERSION = 1;
				DYLIB_CURRENT_VERSION = 1;
				DYLIB_INSTALL_NAME_BASE = "@rpath";
				ENABLE_MODULE_VERIFIER = YES;
				ENABLE_TESTING_SEARCH_PATHS = YES;
				FRAMEWORK_VERSION = A;
				INFOPLIST_FILE = EssentialFeed/Info.plist;
				INSTALL_PATH = "$(LOCAL_LIBRARY_DIR)/Frameworks";
				IPHONEOS_DEPLOYMENT_TARGET = 15.6;
				LD_RUNPATH_SEARCH_PATHS = (
					"$(inherited)",
					"@executable_path/../Frameworks",
					"@loader_path/Frameworks",
				);
				MACOSX_DEPLOYMENT_TARGET = 14.6;
				MODULE_VERIFIER_SUPPORTED_LANGUAGE_STANDARDS = "gnu11 gnu++14";
				PRODUCT_BUNDLE_IDENTIFIER = com.essentialdeveloper.EssentialFeed;
				PRODUCT_NAME = "$(TARGET_NAME:c99extidentifier)";
				SKIP_INSTALL = YES;
				SUPPORTED_PLATFORMS = "iphoneos iphonesimulator macosx";
				SUPPORTS_MACCATALYST = NO;
				TARGETED_DEVICE_FAMILY = 1;
			};
			name = Release;
		};
		080EDF0921B6DA7E00813479 /* Debug */ = {
			isa = XCBuildConfiguration;
			buildSettings = {
				CLANG_ENABLE_MODULES = YES;
				"CODE_SIGN_IDENTITY[sdk=macosx*]" = "-";
				CODE_SIGN_STYLE = Automatic;
				COMBINE_HIDPI_IMAGES = YES;
				DEAD_CODE_STRIPPING = YES;
				DEVELOPMENT_TEAM = "";
				INFOPLIST_FILE = EssentialFeedTests/Info.plist;
				IPHONEOS_DEPLOYMENT_TARGET = 15.6;
				LD_RUNPATH_SEARCH_PATHS = (
					"$(inherited)",
					"@executable_path/../Frameworks",
					"@loader_path/../Frameworks",
				);
				MACOSX_DEPLOYMENT_TARGET = 14.6;
				PRODUCT_BUNDLE_IDENTIFIER = com.essentialdeveloper.EssentialFeedTests;
				PRODUCT_NAME = "$(TARGET_NAME)";
				SUPPORTED_PLATFORMS = "iphoneos iphonesimulator macosx";
				SUPPORTS_MACCATALYST = NO;
				SWIFT_OPTIMIZATION_LEVEL = "-Onone";
				SWIFT_VERSION = 5.0;
				TARGETED_DEVICE_FAMILY = 1;
			};
			name = Debug;
		};
		080EDF0A21B6DA7E00813479 /* Release */ = {
			isa = XCBuildConfiguration;
			buildSettings = {
				CLANG_ENABLE_MODULES = YES;
				"CODE_SIGN_IDENTITY[sdk=macosx*]" = "-";
				CODE_SIGN_STYLE = Automatic;
				COMBINE_HIDPI_IMAGES = YES;
				DEAD_CODE_STRIPPING = YES;
				DEVELOPMENT_TEAM = "";
				INFOPLIST_FILE = EssentialFeedTests/Info.plist;
				IPHONEOS_DEPLOYMENT_TARGET = 15.6;
				LD_RUNPATH_SEARCH_PATHS = (
					"$(inherited)",
					"@executable_path/../Frameworks",
					"@loader_path/../Frameworks",
				);
				MACOSX_DEPLOYMENT_TARGET = 14.6;
				PRODUCT_BUNDLE_IDENTIFIER = com.essentialdeveloper.EssentialFeedTests;
				PRODUCT_NAME = "$(TARGET_NAME)";
				SUPPORTED_PLATFORMS = "iphoneos iphonesimulator macosx";
				SUPPORTS_MACCATALYST = NO;
				SWIFT_VERSION = 5.0;
				TARGETED_DEVICE_FAMILY = 1;
			};
			name = Release;
		};
		B27653AE2CE2761E002EE55D /* Debug */ = {
			isa = XCBuildConfiguration;
			buildSettings = {
				CLANG_CXX_LANGUAGE_STANDARD = "gnu++20";
				"CODE_SIGN_IDENTITY[sdk=macosx*]" = "-";
				CODE_SIGN_STYLE = Automatic;
				CURRENT_PROJECT_VERSION = 1;
				GCC_C_LANGUAGE_STANDARD = gnu17;
				GENERATE_INFOPLIST_FILE = YES;
				IPHONEOS_DEPLOYMENT_TARGET = 15.6;
				LOCALIZATION_PREFERS_STRING_CATALOGS = YES;
				MACOSX_DEPLOYMENT_TARGET = 14.6;
				MARKETING_VERSION = 1.0;
				PRODUCT_BUNDLE_IDENTIFIER = com.parththakkar.EssentialFeedEndToEndTests;
				PRODUCT_NAME = "$(TARGET_NAME)";
				SUPPORTED_PLATFORMS = "iphoneos iphonesimulator macosx";
				SUPPORTS_MACCATALYST = NO;
				SWIFT_ACTIVE_COMPILATION_CONDITIONS = "DEBUG $(inherited)";
				SWIFT_EMIT_LOC_STRINGS = NO;
				SWIFT_VERSION = 5.0;
				TARGETED_DEVICE_FAMILY = 1;
			};
			name = Debug;
		};
		B27653AF2CE2761E002EE55D /* Release */ = {
			isa = XCBuildConfiguration;
			buildSettings = {
				CLANG_CXX_LANGUAGE_STANDARD = "gnu++20";
				"CODE_SIGN_IDENTITY[sdk=macosx*]" = "-";
				CODE_SIGN_STYLE = Automatic;
				CURRENT_PROJECT_VERSION = 1;
				GCC_C_LANGUAGE_STANDARD = gnu17;
				GENERATE_INFOPLIST_FILE = YES;
				IPHONEOS_DEPLOYMENT_TARGET = 15.6;
				LOCALIZATION_PREFERS_STRING_CATALOGS = YES;
				MACOSX_DEPLOYMENT_TARGET = 14.6;
				MARKETING_VERSION = 1.0;
				PRODUCT_BUNDLE_IDENTIFIER = com.parththakkar.EssentialFeedEndToEndTests;
				PRODUCT_NAME = "$(TARGET_NAME)";
				SUPPORTED_PLATFORMS = "iphoneos iphonesimulator macosx";
				SUPPORTS_MACCATALYST = NO;
				SWIFT_EMIT_LOC_STRINGS = NO;
				SWIFT_VERSION = 5.0;
				TARGETED_DEVICE_FAMILY = 1;
			};
			name = Release;
		};
		B2C7EE8E2DF65562006825E7 /* Debug */ = {
			isa = XCBuildConfiguration;
			buildSettings = {
				CLANG_CXX_LANGUAGE_STANDARD = "gnu++20";
				CODE_SIGN_STYLE = Automatic;
				CURRENT_PROJECT_VERSION = 1;
				DEVELOPMENT_TEAM = HP6KW384XP;
				GCC_C_LANGUAGE_STANDARD = gnu17;
				GENERATE_INFOPLIST_FILE = YES;
				IPHONEOS_DEPLOYMENT_TARGET = 15.6;
				LOCALIZATION_PREFERS_STRING_CATALOGS = YES;
				MACOSX_DEPLOYMENT_TARGET = 15.5;
				MARKETING_VERSION = 1.0;
				PRODUCT_BUNDLE_IDENTIFIER = com.parththakkar.EssentialFeedCacheIntegrationTests;
				PRODUCT_NAME = "$(TARGET_NAME)";
				SUPPORTED_PLATFORMS = "iphoneos iphonesimulator macosx";
				SUPPORTS_MACCATALYST = NO;
				SWIFT_ACTIVE_COMPILATION_CONDITIONS = "DEBUG $(inherited)";
				SWIFT_EMIT_LOC_STRINGS = NO;
				SWIFT_VERSION = 5.0;
				TARGETED_DEVICE_FAMILY = 1;
			};
			name = Debug;
		};
		B2C7EE8F2DF65562006825E7 /* Release */ = {
			isa = XCBuildConfiguration;
			buildSettings = {
				CLANG_CXX_LANGUAGE_STANDARD = "gnu++20";
				CODE_SIGN_STYLE = Automatic;
				CURRENT_PROJECT_VERSION = 1;
				DEVELOPMENT_TEAM = HP6KW384XP;
				GCC_C_LANGUAGE_STANDARD = gnu17;
				GENERATE_INFOPLIST_FILE = YES;
				IPHONEOS_DEPLOYMENT_TARGET = 15.6;
				LOCALIZATION_PREFERS_STRING_CATALOGS = YES;
				MACOSX_DEPLOYMENT_TARGET = 15.5;
				MARKETING_VERSION = 1.0;
				PRODUCT_BUNDLE_IDENTIFIER = com.parththakkar.EssentialFeedCacheIntegrationTests;
				PRODUCT_NAME = "$(TARGET_NAME)";
				SUPPORTED_PLATFORMS = "iphoneos iphonesimulator macosx";
				SUPPORTS_MACCATALYST = NO;
				SWIFT_EMIT_LOC_STRINGS = NO;
				SWIFT_VERSION = 5.0;
				TARGETED_DEVICE_FAMILY = 1;
			};
			name = Release;
		};
/* End XCBuildConfiguration section */

/* Begin XCConfigurationList section */
		080EDEEB21B6DA7E00813479 /* Build configuration list for PBXProject "EssentialFeed" */ = {
			isa = XCConfigurationList;
			buildConfigurations = (
				080EDF0321B6DA7E00813479 /* Debug */,
				080EDF0421B6DA7E00813479 /* Release */,
			);
			defaultConfigurationIsVisible = 0;
			defaultConfigurationName = Release;
		};
		080EDF0521B6DA7E00813479 /* Build configuration list for PBXNativeTarget "EssentialFeed" */ = {
			isa = XCConfigurationList;
			buildConfigurations = (
				080EDF0621B6DA7E00813479 /* Debug */,
				080EDF0721B6DA7E00813479 /* Release */,
			);
			defaultConfigurationIsVisible = 0;
			defaultConfigurationName = Release;
		};
		080EDF0821B6DA7E00813479 /* Build configuration list for PBXNativeTarget "EssentialFeedTests" */ = {
			isa = XCConfigurationList;
			buildConfigurations = (
				080EDF0921B6DA7E00813479 /* Debug */,
				080EDF0A21B6DA7E00813479 /* Release */,
			);
			defaultConfigurationIsVisible = 0;
			defaultConfigurationName = Release;
		};
		B27653B02CE2761E002EE55D /* Build configuration list for PBXNativeTarget "EssentialFeedEndToEndTests" */ = {
			isa = XCConfigurationList;
			buildConfigurations = (
				B27653AE2CE2761E002EE55D /* Debug */,
				B27653AF2CE2761E002EE55D /* Release */,
			);
			defaultConfigurationIsVisible = 0;
			defaultConfigurationName = Release;
		};
		B2C7EE902DF65562006825E7 /* Build configuration list for PBXNativeTarget "EssentialFeedCacheIntegrationTests" */ = {
			isa = XCConfigurationList;
			buildConfigurations = (
				B2C7EE8E2DF65562006825E7 /* Debug */,
				B2C7EE8F2DF65562006825E7 /* Release */,
			);
			defaultConfigurationIsVisible = 0;
			defaultConfigurationName = Release;
		};
/* End XCConfigurationList section */

/* Begin XCVersionGroup section */
		B2FF1A172DE3E44C00CDF8F9 /* FeedStore.xcdatamodeld */ = {
			isa = XCVersionGroup;
			children = (
				B2FF1A182DE3E44C00CDF8F9 /* FeedStore.xcdatamodel */,
			);
			currentVersion = B2FF1A182DE3E44C00CDF8F9 /* FeedStore.xcdatamodel */;
			path = FeedStore.xcdatamodeld;
			sourceTree = "<group>";
			usesTabs = 0;
			versionGroupType = wrapper.xcdatamodel;
		};
/* End XCVersionGroup section */
	};
	rootObject = 080EDEE821B6DA7E00813479 /* Project object */;
}
